
Microsoft Visual Studio Solution File, Format Version 12.00
# Visual Studio 15
VisualStudioVersion = 15.0.27004.2002
MinimumVisualStudioVersion = 10.0.40219.1
Project("{FAE04EC0-301F-11D3-BF4B-00C04F79EFBC}") = "ConsoleApp", "ConsoleApp\ConsoleApp.csproj", "{F3A55A8D-8396-49AC-8035-0D3375915E04}"
EndProject
Project("{FAE04EC0-301F-11D3-BF4B-00C04F79EFBC}") = "AopTools", "AopTools\AopTools.csproj", "{73FA1146-5336-448C-827B-C9BD325FE409}"
EndProject
Project("{2150E333-8FDC-42A3-9474-1A3956D46DE8}") = "Samples", "Samples", "{6314605A-5E7F-4910-9224-5CB7EC9864A6}"
EndProject
Project("{FAE04EC0-301F-11D3-BF4B-00C04F79EFBC}") = "ClassLibrary1", "ClassLibrary1\ClassLibrary1.csproj", "{5491A861-83BB-4308-ACCE-65200FFEF9FF}"
EndProject
Project("{FAE04EC0-301F-11D3-BF4B-00C04F79EFBC}") = "AopBuildTask", "AopBuildTask\AopBuildTask.csproj", "{F11EC212-D9B2-408E-B4E4-FF7FCEF56BAD}"
EndProject
Project("{FAE04EC0-301F-11D3-BF4B-00C04F79EFBC}") = "AopLib", "AopLib\AopLib.csproj", "{B04ABC5C-1D21-4AB8-BC71-3109B93BF512}"
EndProject
Project("{FAE04EC0-301F-11D3-BF4B-00C04F79EFBC}") = "AopInterceptionTaskLib", "AopInterceptionTaskLib\AopInterceptionTaskLib.csproj", "{79EE4E9F-5A6C-418A-9B00-2B2DFD079581}"
EndProject
Global
	GlobalSection(SolutionConfigurationPlatforms) = preSolution
		Debug|Any CPU = Debug|Any CPU
		Release|Any CPU = Release|Any CPU
	EndGlobalSection
	GlobalSection(ProjectConfigurationPlatforms) = postSolution
		{F3A55A8D-8396-49AC-8035-0D3375915E04}.Debug|Any CPU.ActiveCfg = Debug|Any CPU
		{F3A55A8D-8396-49AC-8035-0D3375915E04}.Debug|Any CPU.Build.0 = Debug|Any CPU
		{F3A55A8D-8396-49AC-8035-0D3375915E04}.Release|Any CPU.ActiveCfg = Release|Any CPU
		{F3A55A8D-8396-49AC-8035-0D3375915E04}.Release|Any CPU.Build.0 = Release|Any CPU
		{73FA1146-5336-448C-827B-C9BD325FE409}.Debug|Any CPU.ActiveCfg = Debug|Any CPU
		{73FA1146-5336-448C-827B-C9BD325FE409}.Debug|Any CPU.Build.0 = Debug|Any CPU
		{73FA1146-5336-448C-827B-C9BD325FE409}.Release|Any CPU.ActiveCfg = Release|Any CPU
		{73FA1146-5336-448C-827B-C9BD325FE409}.Release|Any CPU.Build.0 = Release|Any CPU
		{5491A861-83BB-4308-ACCE-65200FFEF9FF}.Debug|Any CPU.ActiveCfg = Debug|Any CPU
		{5491A861-83BB-4308-ACCE-65200FFEF9FF}.Debug|Any CPU.Build.0 = Debug|Any CPU
		{5491A861-83BB-4308-ACCE-65200FFEF9FF}.Release|Any CPU.ActiveCfg = Release|Any CPU
		{5491A861-83BB-4308-ACCE-65200FFEF9FF}.Release|Any CPU.Build.0 = Release|Any CPU
		{F11EC212-D9B2-408E-B4E4-FF7FCEF56BAD}.Debug|Any CPU.ActiveCfg = Debug|Any CPU
		{F11EC212-D9B2-408E-B4E4-FF7FCEF56BAD}.Debug|Any CPU.Build.0 = Debug|Any CPU
		{F11EC212-D9B2-408E-B4E4-FF7FCEF56BAD}.Release|Any CPU.ActiveCfg = Release|Any CPU
		{F11EC212-D9B2-408E-B4E4-FF7FCEF56BAD}.Release|Any CPU.Build.0 = Release|Any CPU
		{B04ABC5C-1D21-4AB8-BC71-3109B93BF512}.Debug|Any CPU.ActiveCfg = Debug|Any CPU
		{B04ABC5C-1D21-4AB8-BC71-3109B93BF512}.Debug|Any CPU.Build.0 = Debug|Any CPU
		{B04ABC5C-1D21-4AB8-BC71-3109B93BF512}.Release|Any CPU.ActiveCfg = Release|Any CPU
		{B04ABC5C-1D21-4AB8-BC71-3109B93BF512}.Release|Any CPU.Build.0 = Release|Any CPU
		{79EE4E9F-5A6C-418A-9B00-2B2DFD079581}.Debug|Any CPU.ActiveCfg = Debug|Any CPU
		{79EE4E9F-5A6C-418A-9B00-2B2DFD079581}.Debug|Any CPU.Build.0 = Debug|Any CPU
		{79EE4E9F-5A6C-418A-9B00-2B2DFD079581}.Release|Any CPU.ActiveCfg = Release|Any CPU
		{79EE4E9F-5A6C-418A-9B00-2B2DFD079581}.Release|Any CPU.Build.0 = Release|Any CPU
	EndGlobalSection
	GlobalSection(SolutionProperties) = preSolution
		HideSolutionNode = FALSE
	EndGlobalSection
	GlobalSection(NestedProjects) = preSolution
		{5491A861-83BB-4308-ACCE-65200FFEF9FF} = {6314605A-5E7F-4910-9224-5CB7EC9864A6}
	EndGlobalSection
	GlobalSection(ExtensibilityGlobals) = postSolution
		SolutionGuid = {5919BB4A-2A3C-491F-B48A-C076EB5941FD}
	EndGlobalSection
EndGlobal
